
Microsoft Visual Studio Solution File, Format Version 12.00
# Visual Studio Version 16
VisualStudioVersion = 16.0.30503.244
MinimumVisualStudioVersion = 10.0.40219.1
Project("{9A19103F-16F7-4668-BE54-9A1E7A4F7556}") = "TARSGabrielMoraraRibeiro", "TARSGabrielMoraraRibeiro\TARSGabrielMoraraRibeiro.csproj", "{49A08F26-E1CF-4005-89F2-40551C38D4D1}"
EndProject
Project("{FAE04EC0-301F-11D3-BF4B-00C04F79EFBC}") = "DataBaseTars", "DataBaseTars\DataBaseTars.csproj", "{FA2310F1-3AB0-471E-8937-E46A4C93D804}"
EndProject
Global
	GlobalSection(SolutionConfigurationPlatforms) = preSolution
		Debug|Any CPU = Debug|Any CPU
		Release|Any CPU = Release|Any CPU
	EndGlobalSection
	GlobalSection(ProjectConfigurationPlatforms) = postSolution
		{49A08F26-E1CF-4005-89F2-40551C38D4D1}.Debug|Any CPU.ActiveCfg = Debug|Any CPU
		{49A08F26-E1CF-4005-89F2-40551C38D4D1}.Debug|Any CPU.Build.0 = Debug|Any CPU
		{49A08F26-E1CF-4005-89F2-40551C38D4D1}.Release|Any CPU.ActiveCfg = Release|Any CPU
		{49A08F26-E1CF-4005-89F2-40551C38D4D1}.Release|Any CPU.Build.0 = Release|Any CPU
		{FA2310F1-3AB0-471E-8937-E46A4C93D804}.Debug|Any CPU.ActiveCfg = Debug|Any CPU
		{FA2310F1-3AB0-471E-8937-E46A4C93D804}.Debug|Any CPU.Build.0 = Debug|Any CPU
		{FA2310F1-3AB0-471E-8937-E46A4C93D804}.Release|Any CPU.ActiveCfg = Release|Any CPU
		{FA2310F1-3AB0-471E-8937-E46A4C93D804}.Release|Any CPU.Build.0 = Release|Any CPU
	EndGlobalSection
	GlobalSection(SolutionProperties) = preSolution
		HideSolutionNode = FALSE
	EndGlobalSection
	GlobalSection(ExtensibilityGlobals) = postSolution
		SolutionGuid = {BCCDDE77-200C-4920-91C5-6C1A396039BD}
	EndGlobalSection
EndGlobal
